{
    "name": "cwvtoken",
    "version": "1.0.0",
    "lockfileVersion": 1,
    "requires": true,
    "dependencies": {
        "armors-solidity": {
            "version": "0.1.4",
            "resolved": "https://registry.npmjs.org/armors-solidity/-/armors-solidity-0.1.4.tgz",
            "integrity": "sha512-HOwCUM+YcM1o7X3qZKL96JFCVKPE28lqO3n39iRFsdlFxSmgq1PoMvU8275VX9zZfFbNqp5waspMmz5VuKF2lg=="
        }
    }
}
